
Microsoft Visual Studio Solution File, Format Version 12.00
# Visual Studio Version 17
VisualStudioVersion = 17.10.35013.160
MinimumVisualStudioVersion = 10.0.40219.1
Project("{9A19103F-16F7-4668-BE54-9A1E7A4F7556}") = "Assi2", "Assi2.csproj", "{5B3AB987-2826-43E1-87C0-1B61CD222040}"
EndProject
Global
	GlobalSection(SolutionConfigurationPlatforms) = preSolution
		Debug|Any CPU = Debug|Any CPU
		Release|Any CPU = Release|Any CPU
	EndGlobalSection
	GlobalSection(ProjectConfigurationPlatforms) = postSolution
		{5B3AB987-2826-43E1-87C0-1B61CD222040}.Debug|Any CPU.ActiveCfg = Debug|Any CPU
		{5B3AB987-2826-43E1-87C0-1B61CD222040}.Debug|Any CPU.Build.0 = Debug|Any CPU
		{5B3AB987-2826-43E1-87C0-1B61CD222040}.Release|Any CPU.ActiveCfg = Release|Any CPU
		{5B3AB987-2826-43E1-87C0-1B61CD222040}.Release|Any CPU.Build.0 = Release|Any CPU
	EndGlobalSection
	GlobalSection(SolutionProperties) = preSolution
		HideSolutionNode = FALSE
	EndGlobalSection
	GlobalSection(ExtensibilityGlobals) = postSolution
		SolutionGuid = {C02C6AAD-1705-43D2-B024-94BCEE8A2F2B}
	EndGlobalSection
EndGlobal
